hash: 878e9fdae4c4e557ae0f6865c669cd5ecedbb10401fe59d09e27e5574626585f
updated: 2017-06-26T15:25:22.595789195-04:00
imports:
- name: github.com/codegangsta/cli
  version: 0bdeddeeb0f650497d603c4ad7b20cfe685682f6
- name: github.com/ryanuber/go-license
  version: 027a317812857d68bb611443b5c08bbe96e88598
- name: github.com/stretchr/testify
  version: 69483b4bd14f5845b5a1e55bca19e954e827f1d0
  subpackages:
  - assert
- name: gitlab.com/ayufan/golang-cli-helpers
  version: 0a14b63a7466ee44de4a90f998fad73afa8482bf
- name: gopkg.in/yaml.v2
  version: e4d366fc3c7938e2958e662b4258c7a89e1f0e3e
testImports:
- name: github.com/davecgh/go-spew
  version: 6d212800a42e8ab5c146b8ace3490ee17e5225f9
  subpackages:
  - spew
- name: github.com/pmezard/go-difflib
  version: d8ed2627bdf02c080bf22230dbb337003b7aba2d
  subpackages:
  - difflib
